// !$*UTF8*$!
{
	archiveVersion = 1;
	classes = {
	};
	objectVersion = 46;
	objects = {

/* Begin PBXBuildFile section */
		511D8FD51B99326100F04322 /* main.m in Sources */ = {isa = PBXBuildFile; fileRef = 511D8FD41B99326100F04322 /* main.m */; };
		511D8FD81B99326100F04322 /* AppDelegate.m in Sources */ = {isa = PBXBuildFile; fileRef = 511D8FD71B99326100F04322 /* AppDelegate.m */; };
		511D8FDB1B99326100F04322 /* ViewController.m in Sources */ = {isa = PBXBuildFile; fileRef = 511D8FDA1B99326100F04322 /* ViewController.m */; };
		511D8FDE1B99326100F04322 /* Main.storyboard in Resources */ = {isa = PBXBuildFile; fileRef = 511D8FDC1B99326100F04322 /* Main.storyboard */; };
		511D8FE01B99326100F04322 /* Images.xcassets in Resources */ = {isa = PBXBuildFile; fileRef = 511D8FDF1B99326100F04322 /* Images.xcassets */; };
		511D8FE31B99326100F04322 /* LaunchScreen.xib in Resources */ = {isa = PBXBuildFile; fileRef = 511D8FE11B99326100F04322 /* LaunchScreen.xib */; };
		511D8FEF1B99326100F04322 /* AlcolatorTests.m in Sources */ = {isa = PBXBuildFile; fileRef = 511D8FEE1B99326100F04322 /* AlcolatorTests.m */; };
/* End PBXBuildFile section */

/* Begin PBXContainerItemProxy section */
		511D8FE91B99326100F04322 /* PBXContainerItemProxy */ = {
			isa = PBXContainerItemProxy;
			containerPortal = 511D8FC71B99326000F04322 /* Project object */;
			proxyType = 1;
			remoteGlobalIDString = 511D8FCE1B99326000F04322;
			remoteInfo = Alcolator;
		};
/* End PBXContainerItemProxy section */

/* Begin PBXFileReference section */
		511D8FCF1B99326000F04322 /* Alcolator.app */ = {isa = PBXFileReference; explicitFileType = wrapper.application; includeInIndex = 0; path = Alcolator.app; sourceTree = BUILT_PRODUCTS_DIR; };
		511D8FD31B99326100F04322 /* Info.plist */ = {isa = PBXFileReference; lastKnownFileType = text.plist.xml; path = Info.plist; sourceTree = "<group>"; };
		511D8FD41B99326100F04322 /* main.m */ = {isa = PBXFileReference; lastKnownFileType = sourcecode.c.objc; path = main.m; sourceTree = "<group>"; };
		511D8FD61B99326100F04322 /* AppDelegate.h */ = {isa = PBXFileReference; lastKnownFileType = sourcecode.c.h; path = AppDelegate.h; sourceTree = "<group>"; };
		511D8FD71B99326100F04322 /* AppDelegate.m */ = {isa = PBXFileReference; lastKnownFileType = sourcecode.c.objc; path = AppDelegate.m; sourceTree = "<group>"; };
		511D8FD91B99326100F04322 /* ViewController.h */ = {isa = PBXFileReference; lastKnownFileType = sourcecode.c.h; path = ViewController.h; sourceTree = "<group>"; };
		511D8FDA1B99326100F04322 /* ViewController.m */ = {isa = PBXFileReference; lastKnownFileType = sourcecode.c.objc; path = ViewController.m; sourceTree = "<group>"; };
		511D8FDD1B99326100F04322 /* Base */ = {isa = PBXFileReference; lastKnownFileType = file.storyboard; name = Base; path = Base.lproj/Main.storyboard; sourceTree = "<group>"; };
		511D8FDF1B99326100F04322 /* Images.xcassets */ = {isa = PBXFileReference; lastKnownFileType = folder.assetcatalog; path = Images.xcassets; sourceTree = "<group>"; };
		511D8FE21B99326100F04322 /* Base */ = {isa = PBXFileReference; lastKnownFileType = file.xib; name = Base; path = Base.lproj/LaunchScreen.xib; sourceTree = "<group>"; };
		511D8FE81B99326100F04322 /* AlcolatorTests.xctest */ = {isa = PBXFileReference; explicitFileType = wrapper.cfbundle; includeInIndex = 0; path = AlcolatorTests.xctest; sourceTree = BUILT_PRODUCTS_DIR; };
		511D8FED1B99326100F04322 /* Info.plist */ = {isa = PBXFileReference; lastKnownFileType = text.plist.xml; path = Info.plist; sourceTree = "<group>"; };
		511D8FEE1B99326100F04322 /* AlcolatorTests.m */ = {isa = PBXFileReference; lastKnownFileType = sourcecode.c.objc; path = AlcolatorTests.m; sourceTree = "<group>"; };
/* End PBXFileReference section */

/* Begin PBXFrameworksBuildPhase section */
		511D8FCC1B99326000F04322 /* Frameworks */ = {
			isa = PBXFrameworksBuildPhase;
			buildActionMask = 2147483647;
			files = (
			);
			runOnlyForDeploymentPostprocessing = 0;
		};
		511D8FE51B99326100F04322 /* Frameworks */ = {
			isa = PBXFrameworksBuildPhase;
			buildActionMask = 2147483647;
			files = (
			);
			runOnlyForDeploymentPostprocessing = 0;
		};
/* End PBXFrameworksBuildPhase section */

/* Begin PBXGroup section */
		511D8FC61B99326000F04322 = {
			isa = PBXGroup;
			children = (
				511D8FD11B99326000F04322 /* Alcolator */,
				511D8FEB1B99326100F04322 /* AlcolatorTests */,
				511D8FD01B99326000F04322 /* Products */,
			);
			sourceTree = "<group>";
		};
		511D8FD01B99326000F04322 /* Products */ = {
			isa = PBXGroup;
			children = (
				511D8FCF1B99326000F04322 /* Alcolator.app */,
				511D8FE81B99326100F04322 /* AlcolatorTests.xctest */,
			);
			name = Products;
			sourceTree = "<group>";
		};
		511D8FD11B99326000F04322 /* Alcolator */ = {
			isa = PBXGroup;
			children = (
				511D8FD61B99326100F04322 /* AppDelegate.h */,
				511D8FD71B99326100F04322 /* AppDelegate.m */,
				511D8FD91B99326100F04322 /* ViewController.h */,
				511D8FDA1B99326100F04322 /* ViewController.m */,
				511D8FDC1B99326100F04322 /* Main.storyboard */,
				511D8FDF1B99326100F04322 /* Images.xcassets */,
				511D8FE11B99326100F04322 /* LaunchScreen.xib */,
				511D8FD21B99326000F04322 /* Supporting Files */,
			);
			path = Alcolator;
			sourceTree = "<group>";
		};
		511D8FD21B99326000F04322 /* Supporting Files */ = {
			isa = PBXGroup;
			children = (
				511D8FD31B99326100F04322 /* Info.plist */,
				511D8FD41B99326100F04322 /* main.m */,
			);
			name = "Supporting Files";
			sourceTree = "<group>";
		};
		511D8FEB1B99326100F04322 /* AlcolatorTests */ = {
			isa = PBXGroup;
			children = (
				511D8FEE1B99326100F04322 /* AlcolatorTests.m */,
				511D8FEC1B99326100F04322 /* Supporting Files */,
			);
			path = AlcolatorTests;
			sourceTree = "<group>";
		};
		511D8FEC1B99326100F04322 /* Supporting Files */ = {
			isa = PBXGroup;
			children = (
				511D8FED1B99326100F04322 /* Info.plist */,
			);
			name = "Supporting Files";
			sourceTree = "<group>";
		};
/* End PBXGroup section */

/* Begin PBXNativeTarget section */
		511D8FCE1B99326000F04322 /* Alcolator */ = {
			isa = PBXNativeTarget;
			buildConfigurationList = 511D8FF21B99326100F04322 /* Build configuration list for PBXNativeTarget "Alcolator" */;
			buildPhases = (
				511D8FCB1B99326000F04322 /* Sources */,
				511D8FCC1B99326000F04322 /* Frameworks */,
				511D8FCD1B99326000F04322 /* Resources */,
			);
			buildRules = (
			);
			dependencies = (
			);
			name = Alcolator;
			productName = Alcolator;
			productReference = 511D8FCF1B99326000F04322 /* Alcolator.app */;
			productType = "com.apple.product-type.application";
		};
		511D8FE71B99326100F04322 /* AlcolatorTests */ = {
			isa = PBXNativeTarget;
			buildConfigurationList = 511D8FF51B99326100F04322 /* Build configuration list for PBXNativeTarget "AlcolatorTests" */;
			buildPhases = (
				511D8FE41B99326100F04322 /* Sources */,
				511D8FE51B99326100F04322 /* Frameworks */,
				511D8FE61B99326100F04322 /* Resources */,
			);
			buildRules = (
			);
			dependencies = (
				511D8FEA1B99326100F04322 /* PBXTargetDependency */,
			);
			name = AlcolatorTests;
			productName = AlcolatorTests;
			productReference = 511D8FE81B99326100F04322 /* AlcolatorTests.xctest */;
			productType = "com.apple.product-type.bundle.unit-test";
		};
/* End PBXNativeTarget section */

/* Begin PBXProject section */
		511D8FC71B99326000F04322 /* Project object */ = {
			isa = PBXProject;
			attributes = {
				LastUpgradeCheck = 0640;
				ORGANIZATIONNAME = Bloc;
				TargetAttributes = {
					511D8FCE1B99326000F04322 = {
						CreatedOnToolsVersion = 6.4;
					};
					511D8FE71B99326100F04322 = {
						CreatedOnToolsVersion = 6.4;
						TestTargetID = 511D8FCE1B99326000F04322;
					};
				};
			};
			buildConfigurationList = 511D8FCA1B99326000F04322 /* Build configuration list for PBXProject "Alcolator" */;
			compatibilityVersion = "Xcode 3.2";
			developmentRegion = English;
			hasScannedForEncodings = 0;
			knownRegions = (
				en,
				Base,
			);
			mainGroup = 511D8FC61B99326000F04322;
			productRefGroup = 511D8FD01B99326000F04322 /* Products */;
			projectDirPath = "";
			projectRoot = "";
			targets = (
				511D8FCE1B99326000F04322 /* Alcolator */,
				511D8FE71B99326100F04322 /* AlcolatorTests */,
			);
		};
/* End PBXProject section */

/* Begin PBXResourcesBuildPhase section */
		511D8FCD1B99326000F04322 /* Resources */ = {
			isa = PBXResourcesBuildPhase;
			buildActionMask = 2147483647;
			files = (
				511D8FDE1B99326100F04322 /* Main.storyboard in Resources */,
				511D8FE31B99326100F04322 /* LaunchScreen.xib in Resources */,
				511D8FE01B99326100F04322 /* Images.xcassets in Resources */,
			);
			runOnlyForDeploymentPostprocessing = 0;
		};
		511D8FE61B99326100F04322 /* Resources */ = {
			isa = PBXResourcesBuildPhase;
			buildActionMask = 2147483647;
			files = (
			);
			runOnlyForDeploymentPostprocessing = 0;
		};
/* End PBXResourcesBuildPhase section */

/* Begin PBXSourcesBuildPhase section */
		511D8FCB1B99326000F04322 /* Sources */ = {
			isa = PBXSourcesBuildPhase;
			buildActionMask = 2147483647;
			files = (
				511D8FDB1B99326100F04322 /* ViewController.m in Sources */,
				511D8FD81B99326100F04322 /* AppDelegate.m in Sources */,
				511D8FD51B99326100F04322 /* main.m in Sources */,
			);
			runOnlyForDeploymentPostprocessing = 0;
		};
		511D8FE41B99326100F04322 /* Sources */ = {
			isa = PBXSourcesBuildPhase;
			buildActionMask = 2147483647;
			files = (
				511D8FEF1B99326100F04322 /* AlcolatorTests.m in Sources */,
			);
			runOnlyForDeploymentPostprocessing = 0;
		};
/* End PBXSourcesBuildPhase section */

/* Begin PBXTargetDependency section */
		511D8FEA1B99326100F04322 /* PBXTargetDependency */ = {
			isa = PBXTargetDependency;
			target = 511D8FCE1B99326000F04322 /* Alcolator */;
			targetProxy = 511D8FE91B99326100F04322 /* PBXContainerItemProxy */;
		};
/* End PBXTargetDependency section */

/* Begin PBXVariantGroup section */
		511D8FDC1B99326100F04322 /* Main.storyboard */ = {
			isa = PBXVariantGroup;
			children = (
				511D8FDD1B99326100F04322 /* Base */,
			);
			name = Main.storyboard;
			sourceTree = "<group>";
		};
		511D8FE11B99326100F04322 /* LaunchScreen.xib */ = {
			isa = PBXVariantGroup;
			children = (
				511D8FE21B99326100F04322 /* Base */,
			);
			name = LaunchScreen.xib;
			sourceTree = "<group>";
		};
/* End PBXVariantGroup section */

/* Begin XCBuildConfiguration section */
		511D8FF01B99326100F04322 /* Debug */ = {
			isa = XCBuildConfiguration;
			buildSettings = {
				ALWAYS_SEARCH_USER_PATHS = NO;
				CLANG_CXX_LANGUAGE_STANDARD = "gnu++0x";
				CLANG_CXX_LIBRARY = "libc++";
				CLANG_ENABLE_MODULES = YES;
				CLANG_ENABLE_OBJC_ARC = YES;
				CLANG_WARN_BOOL_CONVERSION = YES;
				CLANG_WARN_CONSTANT_CONVERSION = YES;
				CLANG_WARN_DIRECT_OBJC_ISA_USAGE = YES_ERROR;
				CLANG_WARN_EMPTY_BODY = YES;
				CLANG_WARN_ENUM_CONVERSION = YES;
				CLANG_WARN_INT_CONVERSION = YES;
				CLANG_WARN_OBJC_ROOT_CLASS = YES_ERROR;
				CLANG_WARN_UNREACHABLE_CODE = YES;
				CLANG_WARN__DUPLICATE_METHOD_MATCH = YES;
				"CODE_SIGN_IDENTITY[sdk=iphoneos*]" = "iPhone Developer";
				COPY_PHASE_STRIP = NO;
				DEBUG_INFORMATION_FORMAT = "dwarf-with-dsym";
				ENABLE_STRICT_OBJC_MSGSEND = YES;
				GCC_C_LANGUAGE_STANDARD = gnu99;
				GCC_DYNAMIC_NO_PIC = NO;
				GCC_NO_COMMON_BLOCKS = YES;
				GCC_OPTIMIZATION_LEVEL = 0;
				GCC_PREPROCESSOR_DEFINITIONS = (
					"DEBUG=1",
					"$(inherited)",
				);
				GCC_SYMBOLS_PRIVATE_EXTERN = NO;
				GCC_WARN_64_TO_32_BIT_CONVERSION = YES;
				GCC_WARN_ABOUT_RETURN_TYPE = YES_ERROR;
				GCC_WARN_UNDECLARED_SELECTOR = YES;
				GCC_WARN_UNINITIALIZED_AUTOS = YES_AGGRESSIVE;
				GCC_WARN_UNUSED_FUNCTION = YES;
				GCC_WARN_UNUSED_VARIABLE = YES;
				IPHONEOS_DEPLOYMENT_TARGET = 8.4;
				MTL_ENABLE_DEBUG_INFO = YES;
				ONLY_ACTIVE_ARCH = YES;
				SDKROOT = iphoneos;
				TARGETED_DEVICE_FAMILY = "1,2";
			};
			name = Debug;
		};
		511D8FF11B99326100F04322 /* Release */ = {
			isa = XCBuildConfiguration;
			buildSettings = {
				ALWAYS_SEARCH_USER_PATHS = NO;
				CLANG_CXX_LANGUAGE_STANDARD = "gnu++0x";
				CLANG_CXX_LIBRARY = "libc++";
				CLANG_ENABLE_MODULES = YES;
				CLANG_ENABLE_OBJC_ARC = YES;
				CLANG_WARN_BOOL_CONVERSION = YES;
				CLANG_WARN_CONSTANT_CONVERSION = YES;
				CLANG_WARN_DIRECT_OBJC_ISA_USAGE = YES_ERROR;
				CLANG_WARN_EMPTY_BODY = YES;
				CLANG_WARN_ENUM_CONVERSION = YES;
				CLANG_WARN_INT_CONVERSION = YES;
				CLANG_WARN_OBJC_ROOT_CLASS = YES_ERROR;
				CLANG_WARN_UNREACHABLE_CODE = YES;
				CLANG_WARN__DUPLICATE_METHOD_MATCH = YES;
				"CODE_SIGN_IDENTITY[sdk=iphoneos*]" = "iPhone Developer";
				COPY_PHASE_STRIP = NO;
				DEBUG_INFORMATION_FORMAT = "dwarf-with-dsym";
				ENABLE_NS_ASSERTIONS = NO;
				ENABLE_STRICT_OBJC_MSGSEND = YES;
				GCC_C_LANGUAGE_STANDARD = gnu99;
				GCC_NO_COMMON_BLOCKS = YES;
				GCC_WARN_64_TO_32_BIT_CONVERSION = YES;
				GCC_WARN_ABOUT_RETURN_TYPE = YES_ERROR;
				GCC_WARN_UNDECLARED_SELECTOR = YES;
				GCC_WARN_UNINITIALIZED_AUTOS = YES_AGGRESSIVE;
				GCC_WARN_UNUSED_FUNCTION = YES;
				GCC_WARN_UNUSED_VARIABLE = YES;
				IPHONEOS_DEPLOYMENT_TARGET = 8.4;
				MTL_ENABLE_DEBUG_INFO = NO;
				SDKROOT = iphoneos;
				TARGETED_DEVICE_FAMILY = "1,2";
				VALIDATE_PRODUCT = YES;
			};
			name = Release;
		};
		511D8FF31B99326100F04322 /* Debug */ = {
			isa = XCBuildConfiguration;
			buildSettings = {
				ASSETCATALOG_COMPILER_APPICON_NAME = AppIcon;
				INFOPLIST_FILE = Alcolator/Info.plist;
				LD_RUNPATH_SEARCH_PATHS = "$(inherited) @executable_path/Frameworks";
				PRODUCT_NAME = "$(TARGET_NAME)";
			};
			name = Debug;
		};
		511D8FF41B99326100F04322 /* Release */ = {
			isa = XCBuildConfiguration;
			buildSettings = {
				ASSETCATALOG_COMPILER_APPICON_NAME = AppIcon;
				INFOPLIST_FILE = Alcolator/Info.plist;
				LD_RUNPATH_SEARCH_PATHS = "$(inherited) @executable_path/Frameworks";
				PRODUCT_NAME = "$(TARGET_NAME)";
			};
			name = Release;
		};
		511D8FF61B99326100F04322 /* Debug */ = {
			isa = XCBuildConfiguration;
			buildSettings = {
				BUNDLE_LOADER = "$(TEST_HOST)";
				FRAMEWORK_SEARCH_PATHS = (
					"$(SDKROOT)/Developer/Library/Frameworks",
					"$(inherited)",
				);
				GCC_PREPROCESSOR_DEFINITIONS = (
					"DEBUG=1",
					"$(inherited)",
				);
				INFOPLIST_FILE = AlcolatorTests/Info.plist;
				LD_RUNPATH_SEARCH_PATHS = "$(inherited) @executable_path/Frameworks @loader_path/Frameworks";
				PRODUCT_NAME = "$(TARGET_NAME)";
				TEST_HOST = "$(BUILT_PRODUCTS_DIR)/Alcolator.app/Alcolator";
			};
			name = Debug;
		};
		511D8FF71B99326100F04322 /* Release */ = {
			isa = XCBuildConfiguration;
			buildSettings = {
				BUNDLE_LOADER = "$(TEST_HOST)";
				FRAMEWORK_SEARCH_PATHS = (
					"$(SDKROOT)/Developer/Library/Frameworks",
					"$(inherited)",
				);
				INFOPLIST_FILE = AlcolatorTests/Info.plist;
				LD_RUNPATH_SEARCH_PATHS = "$(inherited) @executable_path/Frameworks @loader_path/Frameworks";
				PRODUCT_NAME = "$(TARGET_NAME)";
				TEST_HOST = "$(BUILT_PRODUCTS_DIR)/Alcolator.app/Alcolator";
			};
			name = Release;
		};
/* End XCBuildConfiguration section */

/* Begin XCConfigurationList section */
		511D8FCA1B99326000F04322 /* Build configuration list for PBXProject "Alcolator" */ = {
			isa = XCConfigurationList;
			buildConfigurations = (
				511D8FF01B99326100F04322 /* Debug */,
				511D8FF11B99326100F04322 /* Release */,
			);
			defaultConfigurationIsVisible = 0;
			defaultConfigurationName = Release;
		};
		511D8FF21B99326100F04322 /* Build configuration list for PBXNativeTarget "Alcolator" */ = {
			isa = XCConfigurationList;
			buildConfigurations = (
				511D8FF31B99326100F04322 /* Debug */,
				511D8FF41B99326100F04322 /* Release */,
			);
			defaultConfigurationIsVisible = 0;
		};
		511D8FF51B99326100F04322 /* Build configuration list for PBXNativeTarget "AlcolatorTests" */ = {
			isa = XCConfigurationList;
			buildConfigurations = (
				511D8FF61B99326100F04322 /* Debug */,
				511D8FF71B99326100F04322 /* Release */,
			);
			defaultConfigurationIsVisible = 0;
		};
/* End XCConfigurationList section */
	};
	rootObject = 511D8FC71B99326000F04322 /* Project object */;
}
